// !$*UTF8*$!
{
	archiveVersion = 1;
	classes = {
	};
	objectVersion = 56;
	objects = {

/* Begin PBXBuildFile section */
		D2D8F28D2AA6013F0014134D /* KickboardPage.storyboard in Resources */ = {isa = PBXBuildFile; fileRef = D2D8F28C2AA6013F0014134D /* KickboardPage.storyboard */; };
		EB5A65C02AA6561A00AE58BC /* MainPage.storyboard in Resources */ = {isa = PBXBuildFile; fileRef = EB5A65BF2AA6561A00AE58BC /* MainPage.storyboard */; };
		EB5A65C22AA659F700AE58BC /* ContainerViewPage.storyboard in Resources */ = {isa = PBXBuildFile; fileRef = EB5A65C12AA659F700AE58BC /* ContainerViewPage.storyboard */; };
		EBCBE9242AA5F3FA00F93761 /* UserDefaultsManager.swift in Sources */ = {isa = PBXBuildFile; fileRef = EBCBE9232AA5F3FA00F93761 /* UserDefaultsManager.swift */; };
		EBD156E62AA5AC9D00FD0F43 /* AppDelegate.swift in Sources */ = {isa = PBXBuildFile; fileRef = EBD156E52AA5AC9D00FD0F43 /* AppDelegate.swift */; };
		EBD156E82AA5AC9D00FD0F43 /* SceneDelegate.swift in Sources */ = {isa = PBXBuildFile; fileRef = EBD156E72AA5AC9D00FD0F43 /* SceneDelegate.swift */; };
		EBD156EA2AA5AC9D00FD0F43 /* MainPageViewController.swift in Sources */ = {isa = PBXBuildFile; fileRef = EBD156E92AA5AC9D00FD0F43 /* MainPageViewController.swift */; };
		EBD156ED2AA5AC9D00FD0F43 /* SignInPage.storyboard in Resources */ = {isa = PBXBuildFile; fileRef = EBD156EB2AA5AC9D00FD0F43 /* SignInPage.storyboard */; };
		EBD156EF2AA5AC9E00FD0F43 /* Assets.xcassets in Resources */ = {isa = PBXBuildFile; fileRef = EBD156EE2AA5AC9E00FD0F43 /* Assets.xcassets */; };
		EBD156F22AA5AC9E00FD0F43 /* LaunchScreen.storyboard in Resources */ = {isa = PBXBuildFile; fileRef = EBD156F02AA5AC9E00FD0F43 /* LaunchScreen.storyboard */; };
		EBD157052AA5C07C00FD0F43 /* SnapKit in Frameworks */ = {isa = PBXBuildFile; productRef = EBD157042AA5C07C00FD0F43 /* SnapKit */; };
		EBD157082AA5C08E00FD0F43 /* Then in Frameworks */ = {isa = PBXBuildFile; productRef = EBD157072AA5C08E00FD0F43 /* Then */; };
		EBD1570D2AA5C60100FD0F43 /* SignInViewController.swift in Sources */ = {isa = PBXBuildFile; fileRef = EBD1570C2AA5C60100FD0F43 /* SignInViewController.swift */; };
		EBD1570F2AA5C64700FD0F43 /* Extensions.swift in Sources */ = {isa = PBXBuildFile; fileRef = EBD1570E2AA5C64700FD0F43 /* Extensions.swift */; };
		EBD157132AA5D38E00FD0F43 /* SignUpPage.storyboard in Resources */ = {isa = PBXBuildFile; fileRef = EBD157122AA5D38E00FD0F43 /* SignUpPage.storyboard */; };
		EBD157152AA5D3C600FD0F43 /* SignUpViewController.swift in Sources */ = {isa = PBXBuildFile; fileRef = EBD157142AA5D3C600FD0F43 /* SignUpViewController.swift */; };
		EBD157172AA5DBD900FD0F43 /* ContainerViewController.swift in Sources */ = {isa = PBXBuildFile; fileRef = EBD157162AA5DBD900FD0F43 /* ContainerViewController.swift */; };
		EBD157192AA5DC3E00FD0F43 /* UsageRecordViewController.swift in Sources */ = {isa = PBXBuildFile; fileRef = EBD157182AA5DC3E00FD0F43 /* UsageRecordViewController.swift */; };
		EBD1571B2AA5DC5C00FD0F43 /* MyBoongBoongViewController.swift in Sources */ = {isa = PBXBuildFile; fileRef = EBD1571A2AA5DC5C00FD0F43 /* MyBoongBoongViewController.swift */; };
		EBD1571D2AA5DE4F00FD0F43 /* AddKickBoardViewController.swift in Sources */ = {isa = PBXBuildFile; fileRef = EBD1571C2AA5DE4F00FD0F43 /* AddKickBoardViewController.swift */; };
		EBD1571F2AA5DE5C00FD0F43 /* MyPageViewController.swift in Sources */ = {isa = PBXBuildFile; fileRef = EBD1571E2AA5DE5C00FD0F43 /* MyPageViewController.swift */; };
		EBD157232AA5E09200FD0F43 /* BoongBoongModel.swift in Sources */ = {isa = PBXBuildFile; fileRef = EBD157222AA5E09200FD0F43 /* BoongBoongModel.swift */; };
		EBD157262AA5E4EA00FD0F43 /* UsageRecordCell.swift in Sources */ = {isa = PBXBuildFile; fileRef = EBD157252AA5E4EA00FD0F43 /* UsageRecordCell.swift */; };
/* End PBXBuildFile section */

/* Begin PBXFileReference section */
		D2D8F28C2AA6013F0014134D /* KickboardPage.storyboard */ = {isa = PBXFileReference; lastKnownFileType = file.storyboard; path = KickboardPage.storyboard; sourceTree = "<group>"; };
		EB5A65BF2AA6561A00AE58BC /* MainPage.storyboard */ = {isa = PBXFileReference; lastKnownFileType = file.storyboard; path = MainPage.storyboard; sourceTree = "<group>"; };
		EB5A65C12AA659F700AE58BC /* ContainerViewPage.storyboard */ = {isa = PBXFileReference; lastKnownFileType = file.storyboard; path = ContainerViewPage.storyboard; sourceTree = "<group>"; };
		EBCBE9232AA5F3FA00F93761 /* UserDefaultsManager.swift */ = {isa = PBXFileReference; lastKnownFileType = sourcecode.swift; path = UserDefaultsManager.swift; sourceTree = "<group>"; };
		EBD156E22AA5AC9D00FD0F43 /* BoongBoong-Project.app */ = {isa = PBXFileReference; explicitFileType = wrapper.application; includeInIndex = 0; path = "BoongBoong-Project.app"; sourceTree = BUILT_PRODUCTS_DIR; };
		EBD156E52AA5AC9D00FD0F43 /* AppDelegate.swift */ = {isa = PBXFileReference; lastKnownFileType = sourcecode.swift; path = AppDelegate.swift; sourceTree = "<group>"; };
		EBD156E72AA5AC9D00FD0F43 /* SceneDelegate.swift */ = {isa = PBXFileReference; lastKnownFileType = sourcecode.swift; path = SceneDelegate.swift; sourceTree = "<group>"; };
		EBD156E92AA5AC9D00FD0F43 /* MainPageViewController.swift */ = {isa = PBXFileReference; lastKnownFileType = sourcecode.swift; path = MainPageViewController.swift; sourceTree = "<group>"; };
		EBD156EC2AA5AC9D00FD0F43 /* Base */ = {isa = PBXFileReference; lastKnownFileType = file.storyboard; name = Base; path = Base.lproj/SignInPage.storyboard; sourceTree = "<group>"; };
		EBD156EE2AA5AC9E00FD0F43 /* Assets.xcassets */ = {isa = PBXFileReference; lastKnownFileType = folder.assetcatalog; path = Assets.xcassets; sourceTree = "<group>"; };
		EBD156F12AA5AC9E00FD0F43 /* Base */ = {isa = PBXFileReference; lastKnownFileType = file.storyboard; name = Base; path = Base.lproj/LaunchScreen.storyboard; sourceTree = "<group>"; };
		EBD156F32AA5AC9E00FD0F43 /* Info.plist */ = {isa = PBXFileReference; lastKnownFileType = text.plist.xml; path = Info.plist; sourceTree = "<group>"; };
		EBD1570C2AA5C60100FD0F43 /* SignInViewController.swift */ = {isa = PBXFileReference; lastKnownFileType = sourcecode.swift; path = SignInViewController.swift; sourceTree = "<group>"; };
		EBD1570E2AA5C64700FD0F43 /* Extensions.swift */ = {isa = PBXFileReference; lastKnownFileType = sourcecode.swift; path = Extensions.swift; sourceTree = "<group>"; };
		EBD157122AA5D38E00FD0F43 /* SignUpPage.storyboard */ = {isa = PBXFileReference; lastKnownFileType = file.storyboard; path = SignUpPage.storyboard; sourceTree = "<group>"; };
		EBD157142AA5D3C600FD0F43 /* SignUpViewController.swift */ = {isa = PBXFileReference; lastKnownFileType = sourcecode.swift; path = SignUpViewController.swift; sourceTree = "<group>"; };
		EBD157162AA5DBD900FD0F43 /* ContainerViewController.swift */ = {isa = PBXFileReference; lastKnownFileType = sourcecode.swift; path = ContainerViewController.swift; sourceTree = "<group>"; };
		EBD157182AA5DC3E00FD0F43 /* UsageRecordViewController.swift */ = {isa = PBXFileReference; lastKnownFileType = sourcecode.swift; path = UsageRecordViewController.swift; sourceTree = "<group>"; };
		EBD1571A2AA5DC5C00FD0F43 /* MyBoongBoongViewController.swift */ = {isa = PBXFileReference; lastKnownFileType = sourcecode.swift; path = MyBoongBoongViewController.swift; sourceTree = "<group>"; };
		EBD1571C2AA5DE4F00FD0F43 /* AddKickBoardViewController.swift */ = {isa = PBXFileReference; lastKnownFileType = sourcecode.swift; path = AddKickBoardViewController.swift; sourceTree = "<group>"; };
		EBD1571E2AA5DE5C00FD0F43 /* MyPageViewController.swift */ = {isa = PBXFileReference; lastKnownFileType = sourcecode.swift; path = MyPageViewController.swift; sourceTree = "<group>"; };
		EBD157222AA5E09200FD0F43 /* BoongBoongModel.swift */ = {isa = PBXFileReference; lastKnownFileType = sourcecode.swift; path = BoongBoongModel.swift; sourceTree = "<group>"; };
		EBD157252AA5E4EA00FD0F43 /* UsageRecordCell.swift */ = {isa = PBXFileReference; lastKnownFileType = sourcecode.swift; path = UsageRecordCell.swift; sourceTree = "<group>"; };
/* End PBXFileReference section */

/* Begin PBXFrameworksBuildPhase section */
		EBD156DF2AA5AC9D00FD0F43 /* Frameworks */ = {
			isa = PBXFrameworksBuildPhase;
			buildActionMask = 2147483647;
			files = (
				EBD157082AA5C08E00FD0F43 /* Then in Frameworks */,
				EBD157052AA5C07C00FD0F43 /* SnapKit in Frameworks */,
			);
			runOnlyForDeploymentPostprocessing = 0;
		};
/* End PBXFrameworksBuildPhase section */

/* Begin PBXGroup section */
		EBCBE9222AA5F3BE00F93761 /* Manager */ = {
			isa = PBXGroup;
			children = (
				EBCBE9232AA5F3FA00F93761 /* UserDefaultsManager.swift */,
			);
			path = Manager;
			sourceTree = "<group>";
		};
		EBD156D92AA5AC9D00FD0F43 = {
			isa = PBXGroup;
			children = (
				EBD156E42AA5AC9D00FD0F43 /* BoongBoong-Project */,
				EBD156E32AA5AC9D00FD0F43 /* Products */,
			);
			sourceTree = "<group>";
		};
		EBD156E32AA5AC9D00FD0F43 /* Products */ = {
			isa = PBXGroup;
			children = (
				EBD156E22AA5AC9D00FD0F43 /* BoongBoong-Project.app */,
			);
			name = Products;
			sourceTree = "<group>";
		};
		EBD156E42AA5AC9D00FD0F43 /* BoongBoong-Project */ = {
			isa = PBXGroup;
			children = (
				EBD156F02AA5AC9E00FD0F43 /* LaunchScreen.storyboard */,
				EBD156FC2AA5AE5C00FD0F43 /* Helpers */,
				EBD156F92AA5AE3A00FD0F43 /* Models */,
				EBCBE9222AA5F3BE00F93761 /* Manager */,
				EBD156FA2AA5AE4300FD0F43 /* Views */,
				EBD156FB2AA5AE4E00FD0F43 /* Controllers */,
				EBD156EE2AA5AC9E00FD0F43 /* Assets.xcassets */,
				EBD156F32AA5AC9E00FD0F43 /* Info.plist */,
			);
			path = "BoongBoong-Project";
			sourceTree = "<group>";
		};
		EBD156F92AA5AE3A00FD0F43 /* Models */ = {
			isa = PBXGroup;
			children = (
				EBD157222AA5E09200FD0F43 /* BoongBoongModel.swift */,
			);
			path = Models;
			sourceTree = "<group>";
		};
		EBD156FA2AA5AE4300FD0F43 /* Views */ = {
			isa = PBXGroup;
			children = (
				EBD157242AA5E4AD00FD0F43 /* TableViewCell */,
				EBD156EB2AA5AC9D00FD0F43 /* SignInPage.storyboard */,
				EBD157122AA5D38E00FD0F43 /* SignUpPage.storyboard */,
				D2D8F28C2AA6013F0014134D /* KickboardPage.storyboard */,
				EB5A65BF2AA6561A00AE58BC /* MainPage.storyboard */,
				EB5A65C12AA659F700AE58BC /* ContainerViewPage.storyboard */,
			);
			path = Views;
			sourceTree = "<group>";
		};
		EBD156FB2AA5AE4E00FD0F43 /* Controllers */ = {
			isa = PBXGroup;
			children = (
				EBD1570C2AA5C60100FD0F43 /* SignInViewController.swift */,
				EBD157142AA5D3C600FD0F43 /* SignUpViewController.swift */,
				EBD156E92AA5AC9D00FD0F43 /* MainPageViewController.swift */,
				EBD157162AA5DBD900FD0F43 /* ContainerViewController.swift */,
				EBD157182AA5DC3E00FD0F43 /* UsageRecordViewController.swift */,
				EBD1571A2AA5DC5C00FD0F43 /* MyBoongBoongViewController.swift */,
				EBD1571C2AA5DE4F00FD0F43 /* AddKickBoardViewController.swift */,
				EBD1571E2AA5DE5C00FD0F43 /* MyPageViewController.swift */,
			);
			path = Controllers;
			sourceTree = "<group>";
		};
		EBD156FC2AA5AE5C00FD0F43 /* Helpers */ = {
			isa = PBXGroup;
			children = (
				EBD156E52AA5AC9D00FD0F43 /* AppDelegate.swift */,
				EBD156E72AA5AC9D00FD0F43 /* SceneDelegate.swift */,
				EBD1570E2AA5C64700FD0F43 /* Extensions.swift */,
			);
			path = Helpers;
			sourceTree = "<group>";
		};
		EBD157242AA5E4AD00FD0F43 /* TableViewCell */ = {
			isa = PBXGroup;
			children = (
				EBD157252AA5E4EA00FD0F43 /* UsageRecordCell.swift */,
			);
			path = TableViewCell;
			sourceTree = "<group>";
		};
/* End PBXGroup section */

/* Begin PBXNativeTarget section */
		EBD156E12AA5AC9D00FD0F43 /* BoongBoong-Project */ = {
			isa = PBXNativeTarget;
			buildConfigurationList = EBD156F62AA5AC9E00FD0F43 /* Build configuration list for PBXNativeTarget "BoongBoong-Project" */;
			buildPhases = (
				EBD156DE2AA5AC9D00FD0F43 /* Sources */,
				EBD156DF2AA5AC9D00FD0F43 /* Frameworks */,
				EBD156E02AA5AC9D00FD0F43 /* Resources */,
			);
			buildRules = (
			);
			dependencies = (
			);
			name = "BoongBoong-Project";
			packageProductDependencies = (
				EBD157042AA5C07C00FD0F43 /* SnapKit */,
				EBD157072AA5C08E00FD0F43 /* Then */,
			);
			productName = "BoongBoong-ProJect";
			productReference = EBD156E22AA5AC9D00FD0F43 /* BoongBoong-Project.app */;
			productType = "com.apple.product-type.application";
		};
/* End PBXNativeTarget section */

/* Begin PBXProject section */
		EBD156DA2AA5AC9D00FD0F43 /* Project object */ = {
			isa = PBXProject;
			attributes = {
				BuildIndependentTargetsInParallel = 1;
				LastSwiftUpdateCheck = 1430;
				LastUpgradeCheck = 1430;
				TargetAttributes = {
					EBD156E12AA5AC9D00FD0F43 = {
						CreatedOnToolsVersion = 14.3.1;
					};
				};
			};
			buildConfigurationList = EBD156DD2AA5AC9D00FD0F43 /* Build configuration list for PBXProject "BoongBoong-Project" */;
			compatibilityVersion = "Xcode 14.0";
			developmentRegion = en;
			hasScannedForEncodings = 0;
			knownRegions = (
				en,
				Base,
			);
			mainGroup = EBD156D92AA5AC9D00FD0F43;
			packageReferences = (
				EBD157032AA5C07C00FD0F43 /* XCRemoteSwiftPackageReference "SnapKit" */,
				EBD157062AA5C08E00FD0F43 /* XCRemoteSwiftPackageReference "Then" */,
			);
			productRefGroup = EBD156E32AA5AC9D00FD0F43 /* Products */;
			projectDirPath = "";
			projectRoot = "";
			targets = (
				EBD156E12AA5AC9D00FD0F43 /* BoongBoong-Project */,
			);
		};
/* End PBXProject section */

/* Begin PBXResourcesBuildPhase section */
		EBD156E02AA5AC9D00FD0F43 /* Resources */ = {
			isa = PBXResourcesBuildPhase;
			buildActionMask = 2147483647;
			files = (
				EB5A65C02AA6561A00AE58BC /* MainPage.storyboard in Resources */,
				EBD156F22AA5AC9E00FD0F43 /* LaunchScreen.storyboard in Resources */,
				EBD156EF2AA5AC9E00FD0F43 /* Assets.xcassets in Resources */,
				EBD156ED2AA5AC9D00FD0F43 /* SignInPage.storyboard in Resources */,
				D2D8F28D2AA6013F0014134D /* KickboardPage.storyboard in Resources */,
				EBD157132AA5D38E00FD0F43 /* SignUpPage.storyboard in Resources */,
				EB5A65C22AA659F700AE58BC /* ContainerViewPage.storyboard in Resources */,
			);
			runOnlyForDeploymentPostprocessing = 0;
		};
/* End PBXResourcesBuildPhase section */

/* Begin PBXSourcesBuildPhase section */
		EBD156DE2AA5AC9D00FD0F43 /* Sources */ = {
			isa = PBXSourcesBuildPhase;
			buildActionMask = 2147483647;
			files = (
				EBD157152AA5D3C600FD0F43 /* SignUpViewController.swift in Sources */,
				EBD157262AA5E4EA00FD0F43 /* UsageRecordCell.swift in Sources */,
				EBD1570F2AA5C64700FD0F43 /* Extensions.swift in Sources */,
				EBD157172AA5DBD900FD0F43 /* ContainerViewController.swift in Sources */,
				EBD157232AA5E09200FD0F43 /* BoongBoongModel.swift in Sources */,
				EBD1570D2AA5C60100FD0F43 /* SignInViewController.swift in Sources */,
				EBD1571B2AA5DC5C00FD0F43 /* MyBoongBoongViewController.swift in Sources */,
				EBD156EA2AA5AC9D00FD0F43 /* MainPageViewController.swift in Sources */,
				EBD1571F2AA5DE5C00FD0F43 /* MyPageViewController.swift in Sources */,
				EBD157192AA5DC3E00FD0F43 /* UsageRecordViewController.swift in Sources */,
				EBCBE9242AA5F3FA00F93761 /* UserDefaultsManager.swift in Sources */,
				EBD156E62AA5AC9D00FD0F43 /* AppDelegate.swift in Sources */,
				EBD1571D2AA5DE4F00FD0F43 /* AddKickBoardViewController.swift in Sources */,
				EBD156E82AA5AC9D00FD0F43 /* SceneDelegate.swift in Sources */,
			);
			runOnlyForDeploymentPostprocessing = 0;
		};
/* End PBXSourcesBuildPhase section */

/* Begin PBXVariantGroup section */
		EBD156EB2AA5AC9D00FD0F43 /* SignInPage.storyboard */ = {
			isa = PBXVariantGroup;
			children = (
				EBD156EC2AA5AC9D00FD0F43 /* Base */,
			);
			name = SignInPage.storyboard;
			sourceTree = "<group>";
		};
		EBD156F02AA5AC9E00FD0F43 /* LaunchScreen.storyboard */ = {
			isa = PBXVariantGroup;
			children = (
				EBD156F12AA5AC9E00FD0F43 /* Base */,
			);
			name = LaunchScreen.storyboard;
			sourceTree = "<group>";
		};
/* End PBXVariantGroup section */

/* Begin XCBuildConfiguration section */
		EBD156F42AA5AC9E00FD0F43 /* Debug */ = {
			isa = XCBuildConfiguration;
			buildSettings = {
				ALWAYS_SEARCH_USER_PATHS = NO;
				CLANG_ANALYZER_NONNULL = YES;
				CLANG_ANALYZER_NUMBER_OBJECT_CONVERSION = YES_AGGRESSIVE;
				CLANG_CXX_LANGUAGE_STANDARD = "gnu++20";
				CLANG_ENABLE_MODULES = YES;
				CLANG_ENABLE_OBJC_ARC = YES;
				CLANG_ENABLE_OBJC_WEAK = YES;
				CLANG_WARN_BLOCK_CAPTURE_AUTORELEASING = YES;
				CLANG_WARN_BOOL_CONVERSION = YES;
				CLANG_WARN_COMMA = YES;
				CLANG_WARN_CONSTANT_CONVERSION = YES;
				CLANG_WARN_DEPRECATED_OBJC_IMPLEMENTATIONS = YES;
				CLANG_WARN_DIRECT_OBJC_ISA_USAGE = YES_ERROR;
				CLANG_WARN_DOCUMENTATION_COMMENTS = YES;
				CLANG_WARN_EMPTY_BODY = YES;
				CLANG_WARN_ENUM_CONVERSION = YES;
				CLANG_WARN_INFINITE_RECURSION = YES;
				CLANG_WARN_INT_CONVERSION = YES;
				CLANG_WARN_NON_LITERAL_NULL_CONVERSION = YES;
				CLANG_WARN_OBJC_IMPLICIT_RETAIN_SELF = YES;
				CLANG_WARN_OBJC_LITERAL_CONVERSION = YES;
				CLANG_WARN_OBJC_ROOT_CLASS = YES_ERROR;
				CLANG_WARN_QUOTED_INCLUDE_IN_FRAMEWORK_HEADER = YES;
				CLANG_WARN_RANGE_LOOP_ANALYSIS = YES;
				CLANG_WARN_STRICT_PROTOTYPES = YES;
				CLANG_WARN_SUSPICIOUS_MOVE = YES;
				CLANG_WARN_UNGUARDED_AVAILABILITY = YES_AGGRESSIVE;
				CLANG_WARN_UNREACHABLE_CODE = YES;
				CLANG_WARN__DUPLICATE_METHOD_MATCH = YES;
				COPY_PHASE_STRIP = NO;
				DEBUG_INFORMATION_FORMAT = dwarf;
				ENABLE_STRICT_OBJC_MSGSEND = YES;
				ENABLE_TESTABILITY = YES;
				GCC_C_LANGUAGE_STANDARD = gnu11;
				GCC_DYNAMIC_NO_PIC = NO;
				GCC_NO_COMMON_BLOCKS = YES;
				GCC_OPTIMIZATION_LEVEL = 0;
				GCC_PREPROCESSOR_DEFINITIONS = (
					"DEBUG=1",
					"$(inherited)",
				);
				GCC_WARN_64_TO_32_BIT_CONVERSION = YES;
				GCC_WARN_ABOUT_RETURN_TYPE = YES_ERROR;
				GCC_WARN_UNDECLARED_SELECTOR = YES;
				GCC_WARN_UNINITIALIZED_AUTOS = YES_AGGRESSIVE;
				GCC_WARN_UNUSED_FUNCTION = YES;
				GCC_WARN_UNUSED_VARIABLE = YES;
				IPHONEOS_DEPLOYMENT_TARGET = 16.4;
				MTL_ENABLE_DEBUG_INFO = INCLUDE_SOURCE;
				MTL_FAST_MATH = YES;
				ONLY_ACTIVE_ARCH = YES;
				SDKROOT = iphoneos;
				SWIFT_ACTIVE_COMPILATION_CONDITIONS = DEBUG;
				SWIFT_OPTIMIZATION_LEVEL = "-Onone";
			};
			name = Debug;
		};
		EBD156F52AA5AC9E00FD0F43 /* Release */ = {
			isa = XCBuildConfiguration;
			buildSettings = {
				ALWAYS_SEARCH_USER_PATHS = NO;
				CLANG_ANALYZER_NONNULL = YES;
				CLANG_ANALYZER_NUMBER_OBJECT_CONVERSION = YES_AGGRESSIVE;
				CLANG_CXX_LANGUAGE_STANDARD = "gnu++20";
				CLANG_ENABLE_MODULES = YES;
				CLANG_ENABLE_OBJC_ARC = YES;
				CLANG_ENABLE_OBJC_WEAK = YES;
				CLANG_WARN_BLOCK_CAPTURE_AUTORELEASING = YES;
				CLANG_WARN_BOOL_CONVERSION = YES;
				CLANG_WARN_COMMA = YES;
				CLANG_WARN_CONSTANT_CONVERSION = YES;
				CLANG_WARN_DEPRECATED_OBJC_IMPLEMENTATIONS = YES;
				CLANG_WARN_DIRECT_OBJC_ISA_USAGE = YES_ERROR;
				CLANG_WARN_DOCUMENTATION_COMMENTS = YES;
				CLANG_WARN_EMPTY_BODY = YES;
				CLANG_WARN_ENUM_CONVERSION = YES;
				CLANG_WARN_INFINITE_RECURSION = YES;
				CLANG_WARN_INT_CONVERSION = YES;
				CLANG_WARN_NON_LITERAL_NULL_CONVERSION = YES;
				CLANG_WARN_OBJC_IMPLICIT_RETAIN_SELF = YES;
				CLANG_WARN_OBJC_LITERAL_CONVERSION = YES;
				CLANG_WARN_OBJC_ROOT_CLASS = YES_ERROR;
				CLANG_WARN_QUOTED_INCLUDE_IN_FRAMEWORK_HEADER = YES;
				CLANG_WARN_RANGE_LOOP_ANALYSIS = YES;
				CLANG_WARN_STRICT_PROTOTYPES = YES;
				CLANG_WARN_SUSPICIOUS_MOVE = YES;
				CLANG_WARN_UNGUARDED_AVAILABILITY = YES_AGGRESSIVE;
				CLANG_WARN_UNREACHABLE_CODE = YES;
				CLANG_WARN__DUPLICATE_METHOD_MATCH = YES;
				COPY_PHASE_STRIP = NO;
				DEBUG_INFORMATION_FORMAT = "dwarf-with-dsym";
				ENABLE_NS_ASSERTIONS = NO;
				ENABLE_STRICT_OBJC_MSGSEND = YES;
				GCC_C_LANGUAGE_STANDARD = gnu11;
				GCC_NO_COMMON_BLOCKS = YES;
				GCC_WARN_64_TO_32_BIT_CONVERSION = YES;
				GCC_WARN_ABOUT_RETURN_TYPE = YES_ERROR;
				GCC_WARN_UNDECLARED_SELECTOR = YES;
				GCC_WARN_UNINITIALIZED_AUTOS = YES_AGGRESSIVE;
				GCC_WARN_UNUSED_FUNCTION = YES;
				GCC_WARN_UNUSED_VARIABLE = YES;
				IPHONEOS_DEPLOYMENT_TARGET = 16.4;
				MTL_ENABLE_DEBUG_INFO = NO;
				MTL_FAST_MATH = YES;
				SDKROOT = iphoneos;
				SWIFT_COMPILATION_MODE = wholemodule;
				SWIFT_OPTIMIZATION_LEVEL = "-O";
				VALIDATE_PRODUCT = YES;
			};
			name = Release;
		};
		EBD156F72AA5AC9E00FD0F43 /* Debug */ = {
			isa = XCBuildConfiguration;
			buildSettings = {
				ASSETCATALOG_COMPILER_APPICON_NAME = AppIcon;
				ASSETCATALOG_COMPILER_GLOBAL_ACCENT_COLOR_NAME = AccentColor;
				CODE_SIGN_STYLE = Automatic;
				CURRENT_PROJECT_VERSION = 1;
				GENERATE_INFOPLIST_FILE = YES;
				INFOPLIST_FILE = "BoongBoong-Project/Info.plist";
				INFOPLIST_KEY_UIApplicationSupportsIndirectInputEvents = YES;
				INFOPLIST_KEY_UILaunchStoryboardName = LaunchScreen;
				INFOPLIST_KEY_UIMainStoryboardFile = SignInPage;
				INFOPLIST_KEY_UISupportedInterfaceOrientations_iPad = "UIInterfaceOrientationLandscapeLeft UIInterfaceOrientationLandscapeRight UIInterfaceOrientationPortrait UIInterfaceOrientationPortraitUpsideDown";
				INFOPLIST_KEY_UIUserInterfaceStyle = Light;
				IPHONEOS_DEPLOYMENT_TARGET = 15.0;
				LD_RUNPATH_SEARCH_PATHS = (
					"$(inherited)",
					"@executable_path/Frameworks",
				);
				MARKETING_VERSION = 1.0;
				PRODUCT_BUNDLE_IDENTIFIER = "com.Insu.BoongBoong-Project";
				PRODUCT_NAME = "$(TARGET_NAME)";
				SUPPORTED_PLATFORMS = "iphoneos iphonesimulator";
				SUPPORTS_MACCATALYST = NO;
				SUPPORTS_MAC_DESIGNED_FOR_IPHONE_IPAD = NO;
				SWIFT_EMIT_LOC_STRINGS = YES;
				SWIFT_VERSION = 5.0;
				TARGETED_DEVICE_FAMILY = 1;
			};
			name = Debug;
		};
		EBD156F82AA5AC9E00FD0F43 /* Release */ = {
			isa = XCBuildConfiguration;
			buildSettings = {
				ASSETCATALOG_COMPILER_APPICON_NAME = AppIcon;
				ASSETCATALOG_COMPILER_GLOBAL_ACCENT_COLOR_NAME = AccentColor;
				CODE_SIGN_STYLE = Automatic;
				CURRENT_PROJECT_VERSION = 1;
				GENERATE_INFOPLIST_FILE = YES;
				INFOPLIST_FILE = "BoongBoong-Project/Info.plist";
				INFOPLIST_KEY_UIApplicationSupportsIndirectInputEvents = YES;
				INFOPLIST_KEY_UILaunchStoryboardName = LaunchScreen;
				INFOPLIST_KEY_UIMainStoryboardFile = SignInPage;
				INFOPLIST_KEY_UISupportedInterfaceOrientations_iPad = "UIInterfaceOrientationLandscapeLeft UIInterfaceOrientationLandscapeRight UIInterfaceOrientationPortrait UIInterfaceOrientationPortraitUpsideDown";
				INFOPLIST_KEY_UIUserInterfaceStyle = Light;
				IPHONEOS_DEPLOYMENT_TARGET = 15.0;
				LD_RUNPATH_SEARCH_PATHS = (
					"$(inherited)",
					"@executable_path/Frameworks",
				);
				MARKETING_VERSION = 1.0;
				PRODUCT_BUNDLE_IDENTIFIER = "com.Insu.BoongBoong-Project";
				PRODUCT_NAME = "$(TARGET_NAME)";
				SUPPORTED_PLATFORMS = "iphoneos iphonesimulator";
				SUPPORTS_MACCATALYST = NO;
				SUPPORTS_MAC_DESIGNED_FOR_IPHONE_IPAD = NO;
				SWIFT_EMIT_LOC_STRINGS = YES;
				SWIFT_VERSION = 5.0;
				TARGETED_DEVICE_FAMILY = 1;
			};
			name = Release;
		};
/* End XCBuildConfiguration section */

/* Begin XCConfigurationList section */
		EBD156DD2AA5AC9D00FD0F43 /* Build configuration list for PBXProject "BoongBoong-Project" */ = {
			isa = XCConfigurationList;
			buildConfigurations = (
				EBD156F42AA5AC9E00FD0F43 /* Debug */,
				EBD156F52AA5AC9E00FD0F43 /* Release */,
			);
			defaultConfigurationIsVisible = 0;
			defaultConfigurationName = Release;
		};
		EBD156F62AA5AC9E00FD0F43 /* Build configuration list for PBXNativeTarget "BoongBoong-Project" */ = {
			isa = XCConfigurationList;
			buildConfigurations = (
				EBD156F72AA5AC9E00FD0F43 /* Debug */,
				EBD156F82AA5AC9E00FD0F43 /* Release */,
			);
			defaultConfigurationIsVisible = 0;
			defaultConfigurationName = Release;
		};
/* End XCConfigurationList section */

/* Begin XCRemoteSwiftPackageReference section */
		EBD157032AA5C07C00FD0F43 /* XCRemoteSwiftPackageReference "SnapKit" */ = {
			isa = XCRemoteSwiftPackageReference;
			repositoryURL = "https://github.com/SnapKit/SnapKit";
			requirement = {
				kind = upToNextMajorVersion;
				minimumVersion = 5.0.0;
			};
		};
		EBD157062AA5C08E00FD0F43 /* XCRemoteSwiftPackageReference "Then" */ = {
			isa = XCRemoteSwiftPackageReference;
			repositoryURL = "https://github.com/devxoul/Then";
			requirement = {
				kind = upToNextMajorVersion;
				minimumVersion = 3.0.0;
			};
		};
/* End XCRemoteSwiftPackageReference section */

/* Begin XCSwiftPackageProductDependency section */
		EBD157042AA5C07C00FD0F43 /* SnapKit */ = {
			isa = XCSwiftPackageProductDependency;
			package = EBD157032AA5C07C00FD0F43 /* XCRemoteSwiftPackageReference "SnapKit" */;
			productName = SnapKit;
		};
		EBD157072AA5C08E00FD0F43 /* Then */ = {
			isa = XCSwiftPackageProductDependency;
			package = EBD157062AA5C08E00FD0F43 /* XCRemoteSwiftPackageReference "Then" */;
			productName = Then;
		};
/* End XCSwiftPackageProductDependency section */
	};
	rootObject = EBD156DA2AA5AC9D00FD0F43 /* Project object */;
}
